<?xml version="1.0" encoding="utf-8"?>
<Project ToolsVersion="4.0" xmlns="http://schemas.microsoft.com/developer/msbuild/2003">
  <ItemGroup>
    <Filter Include="Source Files">
      <UniqueIdentifier>{4FC737F1-C7A5-4376-A066-2A32D752A2FF}</UniqueIdentifier>
      <Extensions>cpp;c;cc;cxx;c++;cppm;ixx;def;odl;idl;hpj;bat;asm;asmx</Extensions>
    </Filter>
    <Filter Include="Header Files">
      <UniqueIdentifier>{93995380-89BD-4b04-88EB-625FBE52EBFB}</UniqueIdentifier>
      <Extensions>h;hh;hpp;hxx;h++;hm;inl;inc;ipp;xsd</Extensions>
    </Filter>
    <Filter Include="Resource Files">
      <UniqueIdentifier>{67DA6AB6-F800-4c08-8B7A-83BB121AAD01}</UniqueIdentifier>
      <Extensions>rc;ico;cur;bmp;dlg;rc2;rct;bin;rgs;gif;jpg;jpeg;jpe;resx;tiff;tif;png;wav;mfcribbon-ms</Extensions>
    </Filter>
    <Filter Include="InheritanceBasedList">
      <UniqueIdentifier>{c784b204-9eb2-4b7c-8fa3-ba540b508327}</UniqueIdentifier>
    </Filter>
    <Filter Include="InheritanceBasedList\TemplatesBaseList">
      <UniqueIdentifier>{e3e37b2e-2d00-4139-9218-12742fc98188}</UniqueIdentifier>
    </Filter>
    <Filter Include="Source Files\TempletesBaseList">
      <UniqueIdentifier>{efe3be63-86ea-4924-9cba-e0423863d4eb}</UniqueIdentifier>
    </Filter>
    <Filter Include="Header Files\FactoryLists">
      <UniqueIdentifier>{b496f733-6ff4-4c8c-82ea-a2bb5d53c65e}</UniqueIdentifier>
    </Filter>
  </ItemGroup>
  <ItemGroup>
    <ClInclude Include="Destination.h">
      <Filter>Header Files</Filter>
    </ClInclude>
    <ClInclude Include="DestinationSerializer.h">
      <Filter>Header Files</Filter>
    </ClInclude>
    <ClInclude Include="DriverSerializer.h">
      <Filter>Header Files</Filter>
    </ClInclude>
    <ClInclude Include="Transportation.h">
      <Filter>Header Files</Filter>
    </ClInclude>
    <ClInclude Include="TransportationSerializer.h">
      <Filter>Header Files</Filter>
    </ClInclude>
    <ClInclude Include="Vehicle.h">
      <Filter>Header Files</Filter>
    </ClInclude>
    <ClInclude Include="VehicleSerializer.h">
      <Filter>Header Files</Filter>
    </ClInclude>
    <ClInclude Include="Driver.h">
      <Filter>Header Files</Filter>
    </ClInclude>
    <ClInclude Include="Trucks.h">
      <Filter>Header Files</Filter>
    </ClInclude>
    <ClInclude Include="Car.h">
      <Filter>Header Files</Filter>
    </ClInclude>
    <ClInclude Include="TruckSerealizer.h">
      <Filter>Header Files</Filter>
    </ClInclude>
    <ClInclude Include="CarSerializer.h">
      <Filter>Header Files</Filter>
    </ClInclude>
    <ClInclude Include="CarList.h">
      <Filter>InheritanceBasedList</Filter>
    </ClInclude>
    <ClInclude Include="VehicleList.h">
      <Filter>InheritanceBasedList</Filter>
    </ClInclude>
    <ClInclude Include="DestinationList.h">
      <Filter>InheritanceBasedList</Filter>
    </ClInclude>
    <ClInclude Include="BaseVehicleList.h">
      <Filter>InheritanceBasedList</Filter>
    </ClInclude>
    <ClInclude Include="TruckList.h">
      <Filter>InheritanceBasedList</Filter>
    </ClInclude>
    <ClInclude Include="TransportationList.h">
      <Filter>InheritanceBasedList</Filter>
    </ClInclude>
    <ClInclude Include="DriverList.h">
      <Filter>InheritanceBasedList</Filter>
    </ClInclude>
    <ClInclude Include="List.h">
      <Filter>InheritanceBasedList\TemplatesBaseList</Filter>
    </ClInclude>
    <ClInclude Include="CarTList.h">
      <Filter>InheritanceBasedList\TemplatesBaseList</Filter>
    </ClInclude>
    <ClInclude Include="TruckTList.h">
      <Filter>InheritanceBasedList\TemplatesBaseList</Filter>
    </ClInclude>
    <ClInclude Include="VehicleTList.h">
      <Filter>InheritanceBasedList\TemplatesBaseList</Filter>
    </ClInclude>
    <ClInclude Include="DestinationTList.h">
      <Filter>InheritanceBasedList\TemplatesBaseList</Filter>
    </ClInclude>
    <ClInclude Include="DriverTList.h">
      <Filter>InheritanceBasedList\TemplatesBaseList</Filter>
    </ClInclude>
    <ClInclude Include="TransportationTList.h">
      <Filter>InheritanceBasedList\TemplatesBaseList</Filter>
    </ClInclude>
    <ClInclude Include="AList.h">
      <Filter>Header Files\FactoryLists</Filter>
    </ClInclude>
    <ClInclude Include="AVehicleList.h">
      <Filter>Header Files\FactoryLists</Filter>
    </ClInclude>
    <ClInclude Include="AListFactory.h">
      <Filter>Header Files\FactoryLists</Filter>
    </ClInclude>
    <ClInclude Include="ACarList.h">
      <Filter>Header Files\FactoryLists</Filter>
    </ClInclude>
    <ClInclude Include="ATruckList.h">
      <Filter>Header Files\FactoryLists</Filter>
    </ClInclude>
    <ClInclude Include="ADestinationList.h">
      <Filter>Header Files\FactoryLists</Filter>
    </ClInclude>
    <ClInclude Include="ADriverList.h">
      <Filter>Header Files\FactoryLists</Filter>
    </ClInclude>
    <ClInclude Include="ATranspotationList.h">
      <Filter>Header Files\FactoryLists</Filter>
    </ClInclude>
  </ItemGroup>
  <ItemGroup>
    <ClCompile Include="Destination.cpp">
      <Filter>Source Files</Filter>
    </ClCompile>
    <ClCompile Include="DestinationList.cpp">
      <Filter>Source Files</Filter>
    </ClCompile>
    <ClCompile Include="DestinationSerializer.cpp">
      <Filter>Source Files</Filter>
    </ClCompile>
    <ClCompile Include="Driver.cpp">
      <Filter>Source Files</Filter>
    </ClCompile>
    <ClCompile Include="DriverList.cpp">
      <Filter>Source Files</Filter>
    </ClCompile>
    <ClCompile Include="DriverSerializer.cpp">
      <Filter>Source Files</Filter>
    </ClCompile>
    <ClCompile Include="Transportation.cpp">
      <Filter>Source Files</Filter>
    </ClCompile>
    <ClCompile Include="TransportationList.cpp">
      <Filter>Source Files</Filter>
    </ClCompile>
    <ClCompile Include="TransportationSerializer.cpp">
      <Filter>Source Files</Filter>
    </ClCompile>
    <ClCompile Include="Vehicle.cpp">
      <Filter>Source Files</Filter>
    </ClCompile>
    <ClCompile Include="VehicleList.cpp">
      <Filter>Source Files</Filter>
    </ClCompile>
    <ClCompile Include="VehicleSerializer.cpp">
      <Filter>Source Files</Filter>
    </ClCompile>
    <ClCompile Include="Trucks.cpp">
      <Filter>Source Files</Filter>
    </ClCompile>
    <ClCompile Include="Car.cpp">
      <Filter>Source Files</Filter>
    </ClCompile>
    <ClCompile Include="TruckSerealizer.cpp">
      <Filter>Source Files</Filter>
    </ClCompile>
    <ClCompile Include="TruckList.cpp">
      <Filter>Source Files</Filter>
    </ClCompile>
    <ClCompile Include="BaseVehicleList.cpp">
      <Filter>Source Files</Filter>
    </ClCompile>
    <ClCompile Include="CarSerializer.cpp">
      <Filter>Source Files</Filter>
    </ClCompile>
    <ClCompile Include="CarList.cpp">
      <Filter>Source Files</Filter>
    </ClCompile>
    <ClCompile Include="CarTList.cpp">
      <Filter>Source Files\TempletesBaseList</Filter>
    </ClCompile>
    <ClCompile Include="TruckTList.cpp">
      <Filter>Source Files\TempletesBaseList</Filter>
    </ClCompile>
    <ClCompile Include="VehilceTList.cpp">
      <Filter>Source Files\TempletesBaseList</Filter>
    </ClCompile>
    <ClCompile Include="DestinationTList.cpp">
      <Filter>Source Files\TempletesBaseList</Filter>
    </ClCompile>
    <ClCompile Include="DriverTList.cpp">
      <Filter>Source Files\TempletesBaseList</Filter>
    </ClCompile>
    <ClCompile Include="TransportationTList.cpp">
      <Filter>Source Files\TempletesBaseList</Filter>
    </ClCompile>
  </ItemGroup>
  <ItemGroup>
    <Text Include="destinations.txt">
      <Filter>Resource Files</Filter>
    </Text>
    <Text Include="drivers.txt">
      <Filter>Resource Files</Filter>
    </Text>
    <Text Include="transportations.txt">
      <Filter>Resource Files</Filter>
    </Text>
    <Text Include="vehicles.txt">
      <Filter>Resource Files</Filter>
    </Text>
    <Text Include="cars.txt">
      <Filter>Resource Files</Filter>
    </Text>
    <Text Include="trucks.txt">
      <Filter>Resource Files</Filter>
    </Text>
  </ItemGroup>
</Project>